
Microsoft Visual Studio Solution File, Format Version 12.00
# Visual Studio 15
Project("{FAE04EC0-301F-11D3-BF4B-00C04F79EFBC}") = "IDV300Term1.Android", "IDV300Term1.Android\IDV300Term1.Android.csproj", "{E0BDB791-54A0-443E-A1FE-BAFC332C8BED}"
EndProject
Project("{FAE04EC0-301F-11D3-BF4B-00C04F79EFBC}") = "IDV300Term1.iOS", "IDV300Term1.iOS\IDV300Term1.iOS.csproj", "{CCF2E11C-A712-4F05-A15E-861FD8498912}"
EndProject
Project("{FAE04EC0-301F-11D3-BF4B-00C04F79EFBC}") = "IDV300Term1", "IDV300Term1\IDV300Term1.csproj", "{BF431EA1-A26F-4710-94E0-65D6E9513B37}"
EndProject
Project("{FAE04EC0-301F-11D3-BF4B-00C04F79EFBC}") = "IDV3OOTerm1UnitTests", "IDV3OOTerm1UnitTests\IDV3OOTerm1UnitTests.csproj", "{A791CE85-68CB-40B6-85CE-BFEFBFFEAFB3}"
EndProject
Global
	GlobalSection(SolutionConfigurationPlatforms) = preSolution
		Debug|Any CPU = Debug|Any CPU
		Release|Any CPU = Release|Any CPU
		Debug|iPhoneSimulator = Debug|iPhoneSimulator
		Release|iPhoneSimulator = Release|iPhoneSimulator
		Debug|iPhone = Debug|iPhone
		Release|iPhone = Release|iPhone
	EndGlobalSection
	GlobalSection(ProjectConfigurationPlatforms) = postSolution
		{E0BDB791-54A0-443E-A1FE-BAFC332C8BED}.Debug|Any CPU.ActiveCfg = Debug|Any CPU
		{E0BDB791-54A0-443E-A1FE-BAFC332C8BED}.Debug|Any CPU.Build.0 = Debug|Any CPU
		{E0BDB791-54A0-443E-A1FE-BAFC332C8BED}.Release|Any CPU.ActiveCfg = Release|Any CPU
		{E0BDB791-54A0-443E-A1FE-BAFC332C8BED}.Release|Any CPU.Build.0 = Release|Any CPU
		{E0BDB791-54A0-443E-A1FE-BAFC332C8BED}.Debug|iPhoneSimulator.ActiveCfg = Debug|Any CPU
		{E0BDB791-54A0-443E-A1FE-BAFC332C8BED}.Debug|iPhoneSimulator.Build.0 = Debug|Any CPU
		{E0BDB791-54A0-443E-A1FE-BAFC332C8BED}.Release|iPhoneSimulator.ActiveCfg = Release|Any CPU
		{E0BDB791-54A0-443E-A1FE-BAFC332C8BED}.Release|iPhoneSimulator.Build.0 = Release|Any CPU
		{E0BDB791-54A0-443E-A1FE-BAFC332C8BED}.Debug|iPhone.ActiveCfg = Debug|Any CPU
		{E0BDB791-54A0-443E-A1FE-BAFC332C8BED}.Debug|iPhone.Build.0 = Debug|Any CPU
		{E0BDB791-54A0-443E-A1FE-BAFC332C8BED}.Release|iPhone.ActiveCfg = Release|Any CPU
		{E0BDB791-54A0-443E-A1FE-BAFC332C8BED}.Release|iPhone.Build.0 = Release|Any CPU
		{CCF2E11C-A712-4F05-A15E-861FD8498912}.Debug|Any CPU.ActiveCfg = Debug|iPhoneSimulator
		{CCF2E11C-A712-4F05-A15E-861FD8498912}.Debug|Any CPU.Build.0 = Debug|iPhoneSimulator
		{CCF2E11C-A712-4F05-A15E-861FD8498912}.Release|Any CPU.ActiveCfg = Release|iPhoneSimulator
		{CCF2E11C-A712-4F05-A15E-861FD8498912}.Release|Any CPU.Build.0 = Release|iPhoneSimulator
		{CCF2E11C-A712-4F05-A15E-861FD8498912}.Debug|iPhoneSimulator.ActiveCfg = Debug|iPhoneSimulator
		{CCF2E11C-A712-4F05-A15E-861FD8498912}.Debug|iPhoneSimulator.Build.0 = Debug|iPhoneSimulator
		{CCF2E11C-A712-4F05-A15E-861FD8498912}.Release|iPhoneSimulator.ActiveCfg = Release|iPhoneSimulator
		{CCF2E11C-A712-4F05-A15E-861FD8498912}.Release|iPhoneSimulator.Build.0 = Release|iPhoneSimulator
		{CCF2E11C-A712-4F05-A15E-861FD8498912}.Debug|iPhone.ActiveCfg = Debug|iPhone
		{CCF2E11C-A712-4F05-A15E-861FD8498912}.Debug|iPhone.Build.0 = Debug|iPhone
		{CCF2E11C-A712-4F05-A15E-861FD8498912}.Release|iPhone.ActiveCfg = Release|iPhone
		{CCF2E11C-A712-4F05-A15E-861FD8498912}.Release|iPhone.Build.0 = Release|iPhone
		{BF431EA1-A26F-4710-94E0-65D6E9513B37}.Debug|Any CPU.ActiveCfg = Debug|Any CPU
		{BF431EA1-A26F-4710-94E0-65D6E9513B37}.Debug|Any CPU.Build.0 = Debug|Any CPU
		{BF431EA1-A26F-4710-94E0-65D6E9513B37}.Release|Any CPU.ActiveCfg = Release|Any CPU
		{BF431EA1-A26F-4710-94E0-65D6E9513B37}.Release|Any CPU.Build.0 = Release|Any CPU
		{BF431EA1-A26F-4710-94E0-65D6E9513B37}.Debug|iPhoneSimulator.ActiveCfg = Debug|Any CPU
		{BF431EA1-A26F-4710-94E0-65D6E9513B37}.Debug|iPhoneSimulator.Build.0 = Debug|Any CPU
		{BF431EA1-A26F-4710-94E0-65D6E9513B37}.Release|iPhoneSimulator.ActiveCfg = Release|Any CPU
		{BF431EA1-A26F-4710-94E0-65D6E9513B37}.Release|iPhoneSimulator.Build.0 = Release|Any CPU
		{BF431EA1-A26F-4710-94E0-65D6E9513B37}.Debug|iPhone.ActiveCfg = Debug|Any CPU
		{BF431EA1-A26F-4710-94E0-65D6E9513B37}.Debug|iPhone.Build.0 = Debug|Any CPU
		{BF431EA1-A26F-4710-94E0-65D6E9513B37}.Release|iPhone.ActiveCfg = Release|Any CPU
		{BF431EA1-A26F-4710-94E0-65D6E9513B37}.Release|iPhone.Build.0 = Release|Any CPU
		{A791CE85-68CB-40B6-85CE-BFEFBFFEAFB3}.Debug|Any CPU.ActiveCfg = Debug|Any CPU
		{A791CE85-68CB-40B6-85CE-BFEFBFFEAFB3}.Debug|Any CPU.Build.0 = Debug|Any CPU
		{A791CE85-68CB-40B6-85CE-BFEFBFFEAFB3}.Release|Any CPU.ActiveCfg = Release|Any CPU
		{A791CE85-68CB-40B6-85CE-BFEFBFFEAFB3}.Release|Any CPU.Build.0 = Release|Any CPU
		{A791CE85-68CB-40B6-85CE-BFEFBFFEAFB3}.Debug|iPhoneSimulator.ActiveCfg = Debug|Any CPU
		{A791CE85-68CB-40B6-85CE-BFEFBFFEAFB3}.Debug|iPhoneSimulator.Build.0 = Debug|Any CPU
		{A791CE85-68CB-40B6-85CE-BFEFBFFEAFB3}.Release|iPhoneSimulator.ActiveCfg = Release|Any CPU
		{A791CE85-68CB-40B6-85CE-BFEFBFFEAFB3}.Release|iPhoneSimulator.Build.0 = Release|Any CPU
		{A791CE85-68CB-40B6-85CE-BFEFBFFEAFB3}.Debug|iPhone.ActiveCfg = Debug|Any CPU
		{A791CE85-68CB-40B6-85CE-BFEFBFFEAFB3}.Debug|iPhone.Build.0 = Debug|Any CPU
		{A791CE85-68CB-40B6-85CE-BFEFBFFEAFB3}.Release|iPhone.ActiveCfg = Release|Any CPU
		{A791CE85-68CB-40B6-85CE-BFEFBFFEAFB3}.Release|iPhone.Build.0 = Release|Any CPU
	EndGlobalSection
EndGlobal
